
Microsoft Visual Studio Solution File, Format Version 12.00
# Visual Studio Version 17
VisualStudioVersion = 17.13.35828.75
MinimumVisualStudioVersion = 10.0.40219.1
Project("{2150E333-8FDC-42A3-9474-1A3956D46DE8}") = "src", "src", "{02EA681E-C7D8-13C7-8484-4AC65E1B71E8}"
EndProject
Project("{2150E333-8FDC-42A3-9474-1A3956D46DE8}") = "Services", "Services", "{91041251-4BA2-45E7-B346-182834976E8D}"
EndProject
Project("{2150E333-8FDC-42A3-9474-1A3956D46DE8}") = "Kernel", "Kernel", "{FF14F3DC-7975-4974-92FF-17755A948928}"
EndProject
Project("{2150E333-8FDC-42A3-9474-1A3956D46DE8}") = "Gateways", "Gateways", "{53B26A1A-4937-4FF5-BFE1-FA222767E008}"
EndProject
Project("{FAE04EC0-301F-11D3-BF4B-00C04F79EFBC}") = "Moongazing.Kernel.CrossCuttingConcerns", "src\Kernel\Moongazing.Kernel.CrossCuttingConcerns\Moongazing.Kernel.CrossCuttingConcerns.csproj", "{DCEE0950-6A0F-4197-BE27-EDCE6033C219}"
EndProject
Project("{FAE04EC0-301F-11D3-BF4B-00C04F79EFBC}") = "Moongazing.Kernel.Messaging", "src\Kernel\Moongazing.Kernel.Messaging\Moongazing.Kernel.Messaging.csproj", "{B75DA15E-ADC7-4409-AF18-B9AFF4837FE4}"
EndProject
Project("{FAE04EC0-301F-11D3-BF4B-00C04F79EFBC}") = "Moongazing.Kernel.Application", "src\Kernel\Moongazing.Kernel.Application\Moongazing.Kernel.Application.csproj", "{069A34FC-0F7A-4936-B7F7-D9477E97148E}"
EndProject
Project("{FAE04EC0-301F-11D3-BF4B-00C04F79EFBC}") = "Moongazing.Kernel.Mailing", "src\Kernel\Moongazing.Kernel.Mailing\Moongazing.Kernel.Mailing.csproj", "{7319784F-3517-40B7-BAEB-18D49CF8D66F}"
EndProject
Project("{2150E333-8FDC-42A3-9474-1A3956D46DE8}") = "Identity", "Identity", "{4205D1B2-5512-4F26-907D-DCD4ECA064CF}"
EndProject
Project("{FAE04EC0-301F-11D3-BF4B-00C04F79EFBC}") = "Moongazing.Allio.Identity.Domain", "src\Services\Identity\Moongazing.Allio.Identity.Domain\Moongazing.Allio.Identity.Domain.csproj", "{556B8654-AE57-49EB-A0A0-0785D5B1711D}"
EndProject
Project("{FAE04EC0-301F-11D3-BF4B-00C04F79EFBC}") = "Moongazing.Allio.Identity.Application", "src\Services\Identity\Moongazing.Allio.Identity.Application\Moongazing.Allio.Identity.Application.csproj", "{E6CF80F9-37D7-401C-856B-1191FFDE5AC1}"
EndProject
Project("{FAE04EC0-301F-11D3-BF4B-00C04F79EFBC}") = "Moongazing.Allio.Identity.Persistence", "src\Services\Identity\Moongazing.Allio.Identity.Persistence\Moongazing.Allio.Identity.Persistence.csproj", "{357699E6-2A46-4173-981B-EA42E4011BD1}"
EndProject
Project("{FAE04EC0-301F-11D3-BF4B-00C04F79EFBC}") = "Moongazing.Allio.Identity.Api", "src\Services\Identity\Moongazing.Allio.Identity.Api\Moongazing.Allio.Identity.Api.csproj", "{9D972011-420F-4C59-A24B-24685D512E5A}"
EndProject
Project("{2150E333-8FDC-42A3-9474-1A3956D46DE8}") = "Solution Items", "Solution Items", "{47E616AB-B7AC-4664-B1E3-52B6A25DDA8E}"
	ProjectSection(SolutionItems) = preProject
		.editorconfig = .editorconfig
		Ports.txt = Ports.txt
	EndProjectSection
EndProject
Project("{2150E333-8FDC-42A3-9474-1A3956D46DE8}") = "Employee", "Employee", "{784C64F7-FE36-4D4A-9E9A-68ACE409FC84}"
EndProject
Project("{FAE04EC0-301F-11D3-BF4B-00C04F79EFBC}") = "Moongazing.Kernel.Gateway", "src\Gateways\Moongazing.Kernel.Gateway\Moongazing.Kernel.Gateway.csproj", "{E4B676AE-3271-404E-932A-B7FAE8DE306F}"
EndProject
Project("{FAE04EC0-301F-11D3-BF4B-00C04F79EFBC}") = "Moongazing.Allio.Employee.Domain", "src\Services\Employee\Moongazing.Allio.Employee.Domain\Moongazing.Allio.Employee.Domain.csproj", "{F0677F66-6BD2-4DF3-81F3-15B9B8C1600F}"
EndProject
Project("{FAE04EC0-301F-11D3-BF4B-00C04F79EFBC}") = "Moongazing.Allio.Employee.Persistence", "src\Services\Employee\Moongazing.Allio.Employee.Persistence\Moongazing.Allio.Employee.Persistence.csproj", "{46590217-158A-4157-AA32-2D1EF109AA78}"
EndProject
Project("{FAE04EC0-301F-11D3-BF4B-00C04F79EFBC}") = "Moongazing.Allio.Employee.Application", "src\Services\Employee\Moongazing.Allio.Employee.Application\Moongazing.Allio.Employee.Application.csproj", "{458C1996-B7A2-4D98-9C25-F6796D74CC88}"
EndProject
Project("{FAE04EC0-301F-11D3-BF4B-00C04F79EFBC}") = "Moongazing.Allio.Employee.Api", "src\Services\Employee\Moongazing.Allio.Employee.Api\Moongazing.Allio.Employee.Api.csproj", "{F52E0BF6-2134-43D7-AF0E-4EF4356DA2D8}"
EndProject
Project("{FAE04EC0-301F-11D3-BF4B-00C04F79EFBC}") = "Moongazing.Kernel.Infrastructure", "src\Kernel\Moongazing.Kernel.Infrastructure\Moongazing.Kernel.Infrastructure.csproj", "{6174CCF1-50DE-4D0A-BCC5-10D3A7228069}"
EndProject
Project("{2150E333-8FDC-42A3-9474-1A3956D46DE8}") = "Finance", "Finance", "{12D4E7D3-ECA4-44DA-947A-EAC1EAD275C1}"
EndProject
Project("{2150E333-8FDC-42A3-9474-1A3956D46DE8}") = "Workflow", "Workflow", "{45989F72-A55B-4AC0-83FB-214BD599E261}"
EndProject
Project("{FAE04EC0-301F-11D3-BF4B-00C04F79EFBC}") = "Moongazing.Allio.Workflow.Domain", "src\Services\Workflow\Moongazing.Allio.Workflow.Domain\Moongazing.Allio.Workflow.Domain.csproj", "{A9D07EB2-2C91-4E6A-BB7B-23DBD9526B5C}"
EndProject
Project("{FAE04EC0-301F-11D3-BF4B-00C04F79EFBC}") = "Moongazing.Allio.Workflow.Application", "src\Services\Workflow\Moongazing.Allio.Workflow.Application\Moongazing.Allio.Workflow.Application.csproj", "{727DF53C-089F-4422-8189-797934259B02}"
EndProject
Project("{FAE04EC0-301F-11D3-BF4B-00C04F79EFBC}") = "Moongazing.Allio.Workflow.Persistence", "src\Services\Workflow\Moongazing.Allio.Workflow.Persistence\Moongazing.Allio.Workflow.Persistence.csproj", "{6F334DF3-1687-49E4-B04E-DF63889E3647}"
EndProject
Project("{FAE04EC0-301F-11D3-BF4B-00C04F79EFBC}") = "Moongazing.Allio.Workflow.Api", "src\Services\Workflow\Moongazing.Allio.Workflow.Api\Moongazing.Allio.Workflow.Api.csproj", "{83CCB363-B7C3-439A-A15D-01E15E829C66}"
EndProject
Project("{FAE04EC0-301F-11D3-BF4B-00C04F79EFBC}") = "Moongazing.Allio.Finance.Domain", "src\Services\Finance\Moongazing.Allio.Finance.Domain\Moongazing.Allio.Finance.Domain.csproj", "{F9BB19D5-E6FF-43DE-A636-6947A5D04A81}"
EndProject
Project("{FAE04EC0-301F-11D3-BF4B-00C04F79EFBC}") = "Moongazing.Allio.Finance.Persistence", "src\Services\Finance\Moongazing.Allio.Finance.Persistence\Moongazing.Allio.Finance.Persistence.csproj", "{AFE03FBE-E31D-41B9-BF0E-CCD346DA4719}"
EndProject
Project("{FAE04EC0-301F-11D3-BF4B-00C04F79EFBC}") = "Moongazing.Allio.Finance.Application", "src\Services\Finance\Moongazing.Allio.Finance.Application\Moongazing.Allio.Finance.Application.csproj", "{8A86C9B8-A127-4120-8985-BEF616B8848A}"
EndProject
Project("{FAE04EC0-301F-11D3-BF4B-00C04F79EFBC}") = "Moongazing.Allio.Finance.Api", "src\Services\Finance\Moongazing.Allio.Finance.Api\Moongazing.Allio.Finance.Api.csproj", "{18CECF00-17D6-47AD-9895-7032123180AA}"
EndProject
Project("{FAE04EC0-301F-11D3-BF4B-00C04F79EFBC}") = "Moongazing.Kernel.Persistence", "src\Kernel\Moongazing.Kernel.Persistence\Moongazing.Kernel.Persistence.csproj", "{E442A7A7-4128-DF76-3963-82A47950F02B}"
EndProject
Project("{FAE04EC0-301F-11D3-BF4B-00C04F79EFBC}") = "Moongazing.Kernel.Shared", "src\Kernel\Moongazing.Kernel.Shared\Moongazing.Kernel.Shared.csproj", "{8DC5881C-9C9E-4477-8169-F5CE8139975F}"
EndProject
Project("{2150E333-8FDC-42A3-9474-1A3956D46DE8}") = "Calendar", "Calendar", "{203DD822-C3D9-49C7-9DCC-DD339632E2A2}"
EndProject
Project("{2150E333-8FDC-42A3-9474-1A3956D46DE8}") = "Announcement", "Announcement", "{8E13E00B-E177-4661-A466-BC803FF9C02A}"
EndProject
Project("{2150E333-8FDC-42A3-9474-1A3956D46DE8}") = "Recruitment", "Recruitment", "{E2C53625-7F04-4C88-9A22-0FFD3F951529}"
EndProject
Project("{FAE04EC0-301F-11D3-BF4B-00C04F79EFBC}") = "Moongazing.Allio.Recruitment.Domain", "src\Services\Recruitment\Moongazing.Allio.Recruitment.Domain\Moongazing.Allio.Recruitment.Domain.csproj", "{519C9413-C857-43F2-A2ED-8DBA9FDD1B1F}"
EndProject
Project("{FAE04EC0-301F-11D3-BF4B-00C04F79EFBC}") = "Moongazing.Allio.Recruitment.Persistence", "src\Services\Recruitment\Moongazing.Allio.Recruitment.Persistence\Moongazing.Allio.Recruitment.Persistence.csproj", "{B18C77BC-F8CF-42D7-B0A3-BF9E8142D361}"
EndProject
Project("{FAE04EC0-301F-11D3-BF4B-00C04F79EFBC}") = "Moongazing.Allio.Recruitment.Application", "src\Services\Recruitment\Moongazing.Allio.Recruitment.Application\Moongazing.Allio.Recruitment.Application.csproj", "{E1E9863D-A5A4-4918-8C0C-F9FC97265B58}"
EndProject
Project("{FAE04EC0-301F-11D3-BF4B-00C04F79EFBC}") = "Moongazing.Allio.Recruitment.Api", "src\Services\Recruitment\Moongazing.Allio.Recruitment.Api\Moongazing.Allio.Recruitment.Api.csproj", "{4D8C00CD-84D2-4F77-A29B-F09CBCFFABA7}"
EndProject
Project("{FAE04EC0-301F-11D3-BF4B-00C04F79EFBC}") = "Moongazing.Allio.Announcement.Api", "src\Services\Announcement\Moongazing.Allio.Announcement.Api\Moongazing.Allio.Announcement.Api.csproj", "{229C8D5E-7119-4F11-B2B6-E3EDC151997C}"
EndProject
Project("{FAE04EC0-301F-11D3-BF4B-00C04F79EFBC}") = "Moongazing.Allio.Announcement.Domain", "src\Services\Announcement\Moongazing.Allio.Announcement.Domain\Moongazing.Allio.Announcement.Domain.csproj", "{DD9FF3D9-94ED-47BE-9DA8-08F1BEA4690F}"
EndProject
Project("{FAE04EC0-301F-11D3-BF4B-00C04F79EFBC}") = "Moongazing.Allio.Announcement.Application", "src\Services\Announcement\Moongazing.Allio.Announcement.Application\Moongazing.Allio.Announcement.Application.csproj", "{9A73D3D3-F676-4B17-9BCA-FB208957254F}"
EndProject
Project("{FAE04EC0-301F-11D3-BF4B-00C04F79EFBC}") = "Moongazing.Allio.Announcement.Persistence", "src\Services\Announcement\Moongazing.Allio.Announcement.Persistence\Moongazing.Allio.Announcement.Persistence.csproj", "{3D231F42-CAA3-4DBA-AF0A-A1BA46F510B5}"
EndProject
Project("{FAE04EC0-301F-11D3-BF4B-00C04F79EFBC}") = "Moongazing.Allio.Calendar.Domain", "src\Services\Calendar\Moongazing.Allio.Calendar.Domain\Moongazing.Allio.Calendar.Domain.csproj", "{1DBA3506-121A-4D66-ABCF-7B637625124D}"
EndProject
Project("{FAE04EC0-301F-11D3-BF4B-00C04F79EFBC}") = "Moongazing.Allio.Calendar.Application", "src\Services\Calendar\Moongazing.Allio.Calendar.Application\Moongazing.Allio.Calendar.Application.csproj", "{20BAE7BF-03A8-4CC7-A449-FE3B45F6011F}"
EndProject
Project("{FAE04EC0-301F-11D3-BF4B-00C04F79EFBC}") = "Moongazing.Allio.Calendar.Persistence", "src\Services\Calendar\Moongazing.Allio.Calendar.Persistence\Moongazing.Allio.Calendar.Persistence.csproj", "{D354533D-B717-4C42-BAD9-11B5378E031D}"
EndProject
Project("{FAE04EC0-301F-11D3-BF4B-00C04F79EFBC}") = "Moongazing.Allio.Calendar.Api", "src\Services\Calendar\Moongazing.Allio.Calendar.Api\Moongazing.Allio.Calendar.Api.csproj", "{1947E6B1-99B3-4E11-8A53-42EAC464E790}"
EndProject
Global
	GlobalSection(SolutionConfigurationPlatforms) = preSolution
		Debug|Any CPU = Debug|Any CPU
		Release|Any CPU = Release|Any CPU
	EndGlobalSection
	GlobalSection(ProjectConfigurationPlatforms) = postSolution
		{DCEE0950-6A0F-4197-BE27-EDCE6033C219}.Debug|Any CPU.ActiveCfg = Debug|Any CPU
		{DCEE0950-6A0F-4197-BE27-EDCE6033C219}.Debug|Any CPU.Build.0 = Debug|Any CPU
		{DCEE0950-6A0F-4197-BE27-EDCE6033C219}.Release|Any CPU.ActiveCfg = Release|Any CPU
		{DCEE0950-6A0F-4197-BE27-EDCE6033C219}.Release|Any CPU.Build.0 = Release|Any CPU
		{B75DA15E-ADC7-4409-AF18-B9AFF4837FE4}.Debug|Any CPU.ActiveCfg = Debug|Any CPU
		{B75DA15E-ADC7-4409-AF18-B9AFF4837FE4}.Debug|Any CPU.Build.0 = Debug|Any CPU
		{B75DA15E-ADC7-4409-AF18-B9AFF4837FE4}.Release|Any CPU.ActiveCfg = Release|Any CPU
		{B75DA15E-ADC7-4409-AF18-B9AFF4837FE4}.Release|Any CPU.Build.0 = Release|Any CPU
		{069A34FC-0F7A-4936-B7F7-D9477E97148E}.Debug|Any CPU.ActiveCfg = Debug|Any CPU
		{069A34FC-0F7A-4936-B7F7-D9477E97148E}.Debug|Any CPU.Build.0 = Debug|Any CPU
		{069A34FC-0F7A-4936-B7F7-D9477E97148E}.Release|Any CPU.ActiveCfg = Release|Any CPU
		{069A34FC-0F7A-4936-B7F7-D9477E97148E}.Release|Any CPU.Build.0 = Release|Any CPU
		{7319784F-3517-40B7-BAEB-18D49CF8D66F}.Debug|Any CPU.ActiveCfg = Debug|Any CPU
		{7319784F-3517-40B7-BAEB-18D49CF8D66F}.Debug|Any CPU.Build.0 = Debug|Any CPU
		{7319784F-3517-40B7-BAEB-18D49CF8D66F}.Release|Any CPU.ActiveCfg = Release|Any CPU
		{7319784F-3517-40B7-BAEB-18D49CF8D66F}.Release|Any CPU.Build.0 = Release|Any CPU
		{556B8654-AE57-49EB-A0A0-0785D5B1711D}.Debug|Any CPU.ActiveCfg = Debug|Any CPU
		{556B8654-AE57-49EB-A0A0-0785D5B1711D}.Debug|Any CPU.Build.0 = Debug|Any CPU
		{556B8654-AE57-49EB-A0A0-0785D5B1711D}.Release|Any CPU.ActiveCfg = Release|Any CPU
		{556B8654-AE57-49EB-A0A0-0785D5B1711D}.Release|Any CPU.Build.0 = Release|Any CPU
		{E6CF80F9-37D7-401C-856B-1191FFDE5AC1}.Debug|Any CPU.ActiveCfg = Debug|Any CPU
		{E6CF80F9-37D7-401C-856B-1191FFDE5AC1}.Debug|Any CPU.Build.0 = Debug|Any CPU
		{E6CF80F9-37D7-401C-856B-1191FFDE5AC1}.Release|Any CPU.ActiveCfg = Release|Any CPU
		{E6CF80F9-37D7-401C-856B-1191FFDE5AC1}.Release|Any CPU.Build.0 = Release|Any CPU
		{357699E6-2A46-4173-981B-EA42E4011BD1}.Debug|Any CPU.ActiveCfg = Debug|Any CPU
		{357699E6-2A46-4173-981B-EA42E4011BD1}.Debug|Any CPU.Build.0 = Debug|Any CPU
		{357699E6-2A46-4173-981B-EA42E4011BD1}.Release|Any CPU.ActiveCfg = Release|Any CPU
		{357699E6-2A46-4173-981B-EA42E4011BD1}.Release|Any CPU.Build.0 = Release|Any CPU
		{9D972011-420F-4C59-A24B-24685D512E5A}.Debug|Any CPU.ActiveCfg = Debug|Any CPU
		{9D972011-420F-4C59-A24B-24685D512E5A}.Debug|Any CPU.Build.0 = Debug|Any CPU
		{9D972011-420F-4C59-A24B-24685D512E5A}.Release|Any CPU.ActiveCfg = Release|Any CPU
		{9D972011-420F-4C59-A24B-24685D512E5A}.Release|Any CPU.Build.0 = Release|Any CPU
		{E4B676AE-3271-404E-932A-B7FAE8DE306F}.Debug|Any CPU.ActiveCfg = Debug|Any CPU
		{E4B676AE-3271-404E-932A-B7FAE8DE306F}.Debug|Any CPU.Build.0 = Debug|Any CPU
		{E4B676AE-3271-404E-932A-B7FAE8DE306F}.Release|Any CPU.ActiveCfg = Release|Any CPU
		{E4B676AE-3271-404E-932A-B7FAE8DE306F}.Release|Any CPU.Build.0 = Release|Any CPU
		{F0677F66-6BD2-4DF3-81F3-15B9B8C1600F}.Debug|Any CPU.ActiveCfg = Debug|Any CPU
		{F0677F66-6BD2-4DF3-81F3-15B9B8C1600F}.Debug|Any CPU.Build.0 = Debug|Any CPU
		{F0677F66-6BD2-4DF3-81F3-15B9B8C1600F}.Release|Any CPU.ActiveCfg = Release|Any CPU
		{F0677F66-6BD2-4DF3-81F3-15B9B8C1600F}.Release|Any CPU.Build.0 = Release|Any CPU
		{46590217-158A-4157-AA32-2D1EF109AA78}.Debug|Any CPU.ActiveCfg = Debug|Any CPU
		{46590217-158A-4157-AA32-2D1EF109AA78}.Debug|Any CPU.Build.0 = Debug|Any CPU
		{46590217-158A-4157-AA32-2D1EF109AA78}.Release|Any CPU.ActiveCfg = Release|Any CPU
		{46590217-158A-4157-AA32-2D1EF109AA78}.Release|Any CPU.Build.0 = Release|Any CPU
		{458C1996-B7A2-4D98-9C25-F6796D74CC88}.Debug|Any CPU.ActiveCfg = Debug|Any CPU
		{458C1996-B7A2-4D98-9C25-F6796D74CC88}.Debug|Any CPU.Build.0 = Debug|Any CPU
		{458C1996-B7A2-4D98-9C25-F6796D74CC88}.Release|Any CPU.ActiveCfg = Release|Any CPU
		{458C1996-B7A2-4D98-9C25-F6796D74CC88}.Release|Any CPU.Build.0 = Release|Any CPU
		{F52E0BF6-2134-43D7-AF0E-4EF4356DA2D8}.Debug|Any CPU.ActiveCfg = Debug|Any CPU
		{F52E0BF6-2134-43D7-AF0E-4EF4356DA2D8}.Debug|Any CPU.Build.0 = Debug|Any CPU
		{F52E0BF6-2134-43D7-AF0E-4EF4356DA2D8}.Release|Any CPU.ActiveCfg = Release|Any CPU
		{F52E0BF6-2134-43D7-AF0E-4EF4356DA2D8}.Release|Any CPU.Build.0 = Release|Any CPU
		{6174CCF1-50DE-4D0A-BCC5-10D3A7228069}.Debug|Any CPU.ActiveCfg = Debug|Any CPU
		{6174CCF1-50DE-4D0A-BCC5-10D3A7228069}.Debug|Any CPU.Build.0 = Debug|Any CPU
		{6174CCF1-50DE-4D0A-BCC5-10D3A7228069}.Release|Any CPU.ActiveCfg = Release|Any CPU
		{6174CCF1-50DE-4D0A-BCC5-10D3A7228069}.Release|Any CPU.Build.0 = Release|Any CPU
		{A9D07EB2-2C91-4E6A-BB7B-23DBD9526B5C}.Debug|Any CPU.ActiveCfg = Debug|Any CPU
		{A9D07EB2-2C91-4E6A-BB7B-23DBD9526B5C}.Debug|Any CPU.Build.0 = Debug|Any CPU
		{A9D07EB2-2C91-4E6A-BB7B-23DBD9526B5C}.Release|Any CPU.ActiveCfg = Release|Any CPU
		{A9D07EB2-2C91-4E6A-BB7B-23DBD9526B5C}.Release|Any CPU.Build.0 = Release|Any CPU
		{727DF53C-089F-4422-8189-797934259B02}.Debug|Any CPU.ActiveCfg = Debug|Any CPU
		{727DF53C-089F-4422-8189-797934259B02}.Debug|Any CPU.Build.0 = Debug|Any CPU
		{727DF53C-089F-4422-8189-797934259B02}.Release|Any CPU.ActiveCfg = Release|Any CPU
		{727DF53C-089F-4422-8189-797934259B02}.Release|Any CPU.Build.0 = Release|Any CPU
		{6F334DF3-1687-49E4-B04E-DF63889E3647}.Debug|Any CPU.ActiveCfg = Debug|Any CPU
		{6F334DF3-1687-49E4-B04E-DF63889E3647}.Debug|Any CPU.Build.0 = Debug|Any CPU
		{6F334DF3-1687-49E4-B04E-DF63889E3647}.Release|Any CPU.ActiveCfg = Release|Any CPU
		{6F334DF3-1687-49E4-B04E-DF63889E3647}.Release|Any CPU.Build.0 = Release|Any CPU
		{83CCB363-B7C3-439A-A15D-01E15E829C66}.Debug|Any CPU.ActiveCfg = Debug|Any CPU
		{83CCB363-B7C3-439A-A15D-01E15E829C66}.Debug|Any CPU.Build.0 = Debug|Any CPU
		{83CCB363-B7C3-439A-A15D-01E15E829C66}.Release|Any CPU.ActiveCfg = Release|Any CPU
		{83CCB363-B7C3-439A-A15D-01E15E829C66}.Release|Any CPU.Build.0 = Release|Any CPU
		{F9BB19D5-E6FF-43DE-A636-6947A5D04A81}.Debug|Any CPU.ActiveCfg = Debug|Any CPU
		{F9BB19D5-E6FF-43DE-A636-6947A5D04A81}.Debug|Any CPU.Build.0 = Debug|Any CPU
		{F9BB19D5-E6FF-43DE-A636-6947A5D04A81}.Release|Any CPU.ActiveCfg = Release|Any CPU
		{F9BB19D5-E6FF-43DE-A636-6947A5D04A81}.Release|Any CPU.Build.0 = Release|Any CPU
		{AFE03FBE-E31D-41B9-BF0E-CCD346DA4719}.Debug|Any CPU.ActiveCfg = Debug|Any CPU
		{AFE03FBE-E31D-41B9-BF0E-CCD346DA4719}.Debug|Any CPU.Build.0 = Debug|Any CPU
		{AFE03FBE-E31D-41B9-BF0E-CCD346DA4719}.Release|Any CPU.ActiveCfg = Release|Any CPU
		{AFE03FBE-E31D-41B9-BF0E-CCD346DA4719}.Release|Any CPU.Build.0 = Release|Any CPU
		{8A86C9B8-A127-4120-8985-BEF616B8848A}.Debug|Any CPU.ActiveCfg = Debug|Any CPU
		{8A86C9B8-A127-4120-8985-BEF616B8848A}.Debug|Any CPU.Build.0 = Debug|Any CPU
		{8A86C9B8-A127-4120-8985-BEF616B8848A}.Release|Any CPU.ActiveCfg = Release|Any CPU
		{8A86C9B8-A127-4120-8985-BEF616B8848A}.Release|Any CPU.Build.0 = Release|Any CPU
		{18CECF00-17D6-47AD-9895-7032123180AA}.Debug|Any CPU.ActiveCfg = Debug|Any CPU
		{18CECF00-17D6-47AD-9895-7032123180AA}.Debug|Any CPU.Build.0 = Debug|Any CPU
		{18CECF00-17D6-47AD-9895-7032123180AA}.Release|Any CPU.ActiveCfg = Release|Any CPU
		{18CECF00-17D6-47AD-9895-7032123180AA}.Release|Any CPU.Build.0 = Release|Any CPU
		{E442A7A7-4128-DF76-3963-82A47950F02B}.Debug|Any CPU.ActiveCfg = Debug|Any CPU
		{E442A7A7-4128-DF76-3963-82A47950F02B}.Debug|Any CPU.Build.0 = Debug|Any CPU
		{E442A7A7-4128-DF76-3963-82A47950F02B}.Release|Any CPU.ActiveCfg = Release|Any CPU
		{E442A7A7-4128-DF76-3963-82A47950F02B}.Release|Any CPU.Build.0 = Release|Any CPU
		{8DC5881C-9C9E-4477-8169-F5CE8139975F}.Debug|Any CPU.ActiveCfg = Debug|Any CPU
		{8DC5881C-9C9E-4477-8169-F5CE8139975F}.Debug|Any CPU.Build.0 = Debug|Any CPU
		{8DC5881C-9C9E-4477-8169-F5CE8139975F}.Release|Any CPU.ActiveCfg = Release|Any CPU
		{8DC5881C-9C9E-4477-8169-F5CE8139975F}.Release|Any CPU.Build.0 = Release|Any CPU
		{519C9413-C857-43F2-A2ED-8DBA9FDD1B1F}.Debug|Any CPU.ActiveCfg = Debug|Any CPU
		{519C9413-C857-43F2-A2ED-8DBA9FDD1B1F}.Debug|Any CPU.Build.0 = Debug|Any CPU
		{519C9413-C857-43F2-A2ED-8DBA9FDD1B1F}.Release|Any CPU.ActiveCfg = Release|Any CPU
		{519C9413-C857-43F2-A2ED-8DBA9FDD1B1F}.Release|Any CPU.Build.0 = Release|Any CPU
		{B18C77BC-F8CF-42D7-B0A3-BF9E8142D361}.Debug|Any CPU.ActiveCfg = Debug|Any CPU
		{B18C77BC-F8CF-42D7-B0A3-BF9E8142D361}.Debug|Any CPU.Build.0 = Debug|Any CPU
		{B18C77BC-F8CF-42D7-B0A3-BF9E8142D361}.Release|Any CPU.ActiveCfg = Release|Any CPU
		{B18C77BC-F8CF-42D7-B0A3-BF9E8142D361}.Release|Any CPU.Build.0 = Release|Any CPU
		{E1E9863D-A5A4-4918-8C0C-F9FC97265B58}.Debug|Any CPU.ActiveCfg = Debug|Any CPU
		{E1E9863D-A5A4-4918-8C0C-F9FC97265B58}.Debug|Any CPU.Build.0 = Debug|Any CPU
		{E1E9863D-A5A4-4918-8C0C-F9FC97265B58}.Release|Any CPU.ActiveCfg = Release|Any CPU
		{E1E9863D-A5A4-4918-8C0C-F9FC97265B58}.Release|Any CPU.Build.0 = Release|Any CPU
		{4D8C00CD-84D2-4F77-A29B-F09CBCFFABA7}.Debug|Any CPU.ActiveCfg = Debug|Any CPU
		{4D8C00CD-84D2-4F77-A29B-F09CBCFFABA7}.Debug|Any CPU.Build.0 = Debug|Any CPU
		{4D8C00CD-84D2-4F77-A29B-F09CBCFFABA7}.Release|Any CPU.ActiveCfg = Release|Any CPU
		{4D8C00CD-84D2-4F77-A29B-F09CBCFFABA7}.Release|Any CPU.Build.0 = Release|Any CPU
		{229C8D5E-7119-4F11-B2B6-E3EDC151997C}.Debug|Any CPU.ActiveCfg = Debug|Any CPU
		{229C8D5E-7119-4F11-B2B6-E3EDC151997C}.Debug|Any CPU.Build.0 = Debug|Any CPU
		{229C8D5E-7119-4F11-B2B6-E3EDC151997C}.Release|Any CPU.ActiveCfg = Release|Any CPU
		{229C8D5E-7119-4F11-B2B6-E3EDC151997C}.Release|Any CPU.Build.0 = Release|Any CPU
		{DD9FF3D9-94ED-47BE-9DA8-08F1BEA4690F}.Debug|Any CPU.ActiveCfg = Debug|Any CPU
		{DD9FF3D9-94ED-47BE-9DA8-08F1BEA4690F}.Debug|Any CPU.Build.0 = Debug|Any CPU
		{DD9FF3D9-94ED-47BE-9DA8-08F1BEA4690F}.Release|Any CPU.ActiveCfg = Release|Any CPU
		{DD9FF3D9-94ED-47BE-9DA8-08F1BEA4690F}.Release|Any CPU.Build.0 = Release|Any CPU
		{9A73D3D3-F676-4B17-9BCA-FB208957254F}.Debug|Any CPU.ActiveCfg = Debug|Any CPU
		{9A73D3D3-F676-4B17-9BCA-FB208957254F}.Debug|Any CPU.Build.0 = Debug|Any CPU
		{9A73D3D3-F676-4B17-9BCA-FB208957254F}.Release|Any CPU.ActiveCfg = Release|Any CPU
		{9A73D3D3-F676-4B17-9BCA-FB208957254F}.Release|Any CPU.Build.0 = Release|Any CPU
		{3D231F42-CAA3-4DBA-AF0A-A1BA46F510B5}.Debug|Any CPU.ActiveCfg = Debug|Any CPU
		{3D231F42-CAA3-4DBA-AF0A-A1BA46F510B5}.Debug|Any CPU.Build.0 = Debug|Any CPU
		{3D231F42-CAA3-4DBA-AF0A-A1BA46F510B5}.Release|Any CPU.ActiveCfg = Release|Any CPU
		{3D231F42-CAA3-4DBA-AF0A-A1BA46F510B5}.Release|Any CPU.Build.0 = Release|Any CPU
		{1DBA3506-121A-4D66-ABCF-7B637625124D}.Debug|Any CPU.ActiveCfg = Debug|Any CPU
		{1DBA3506-121A-4D66-ABCF-7B637625124D}.Debug|Any CPU.Build.0 = Debug|Any CPU
		{1DBA3506-121A-4D66-ABCF-7B637625124D}.Release|Any CPU.ActiveCfg = Release|Any CPU
		{1DBA3506-121A-4D66-ABCF-7B637625124D}.Release|Any CPU.Build.0 = Release|Any CPU
		{20BAE7BF-03A8-4CC7-A449-FE3B45F6011F}.Debug|Any CPU.ActiveCfg = Debug|Any CPU
		{20BAE7BF-03A8-4CC7-A449-FE3B45F6011F}.Debug|Any CPU.Build.0 = Debug|Any CPU
		{20BAE7BF-03A8-4CC7-A449-FE3B45F6011F}.Release|Any CPU.ActiveCfg = Release|Any CPU
		{20BAE7BF-03A8-4CC7-A449-FE3B45F6011F}.Release|Any CPU.Build.0 = Release|Any CPU
		{D354533D-B717-4C42-BAD9-11B5378E031D}.Debug|Any CPU.ActiveCfg = Debug|Any CPU
		{D354533D-B717-4C42-BAD9-11B5378E031D}.Debug|Any CPU.Build.0 = Debug|Any CPU
		{D354533D-B717-4C42-BAD9-11B5378E031D}.Release|Any CPU.ActiveCfg = Release|Any CPU
		{D354533D-B717-4C42-BAD9-11B5378E031D}.Release|Any CPU.Build.0 = Release|Any CPU
		{1947E6B1-99B3-4E11-8A53-42EAC464E790}.Debug|Any CPU.ActiveCfg = Debug|Any CPU
		{1947E6B1-99B3-4E11-8A53-42EAC464E790}.Debug|Any CPU.Build.0 = Debug|Any CPU
		{1947E6B1-99B3-4E11-8A53-42EAC464E790}.Release|Any CPU.ActiveCfg = Release|Any CPU
		{1947E6B1-99B3-4E11-8A53-42EAC464E790}.Release|Any CPU.Build.0 = Release|Any CPU
	EndGlobalSection
	GlobalSection(SolutionProperties) = preSolution
		HideSolutionNode = FALSE
	EndGlobalSection
	GlobalSection(NestedProjects) = preSolution
		{91041251-4BA2-45E7-B346-182834976E8D} = {02EA681E-C7D8-13C7-8484-4AC65E1B71E8}
		{FF14F3DC-7975-4974-92FF-17755A948928} = {02EA681E-C7D8-13C7-8484-4AC65E1B71E8}
		{53B26A1A-4937-4FF5-BFE1-FA222767E008} = {02EA681E-C7D8-13C7-8484-4AC65E1B71E8}
		{DCEE0950-6A0F-4197-BE27-EDCE6033C219} = {FF14F3DC-7975-4974-92FF-17755A948928}
		{B75DA15E-ADC7-4409-AF18-B9AFF4837FE4} = {FF14F3DC-7975-4974-92FF-17755A948928}
		{069A34FC-0F7A-4936-B7F7-D9477E97148E} = {FF14F3DC-7975-4974-92FF-17755A948928}
		{7319784F-3517-40B7-BAEB-18D49CF8D66F} = {FF14F3DC-7975-4974-92FF-17755A948928}
		{4205D1B2-5512-4F26-907D-DCD4ECA064CF} = {91041251-4BA2-45E7-B346-182834976E8D}
		{556B8654-AE57-49EB-A0A0-0785D5B1711D} = {4205D1B2-5512-4F26-907D-DCD4ECA064CF}
		{E6CF80F9-37D7-401C-856B-1191FFDE5AC1} = {4205D1B2-5512-4F26-907D-DCD4ECA064CF}
		{357699E6-2A46-4173-981B-EA42E4011BD1} = {4205D1B2-5512-4F26-907D-DCD4ECA064CF}
		{9D972011-420F-4C59-A24B-24685D512E5A} = {4205D1B2-5512-4F26-907D-DCD4ECA064CF}
		{784C64F7-FE36-4D4A-9E9A-68ACE409FC84} = {91041251-4BA2-45E7-B346-182834976E8D}
		{E4B676AE-3271-404E-932A-B7FAE8DE306F} = {53B26A1A-4937-4FF5-BFE1-FA222767E008}
		{F0677F66-6BD2-4DF3-81F3-15B9B8C1600F} = {784C64F7-FE36-4D4A-9E9A-68ACE409FC84}
		{46590217-158A-4157-AA32-2D1EF109AA78} = {784C64F7-FE36-4D4A-9E9A-68ACE409FC84}
		{458C1996-B7A2-4D98-9C25-F6796D74CC88} = {784C64F7-FE36-4D4A-9E9A-68ACE409FC84}
		{F52E0BF6-2134-43D7-AF0E-4EF4356DA2D8} = {784C64F7-FE36-4D4A-9E9A-68ACE409FC84}
		{6174CCF1-50DE-4D0A-BCC5-10D3A7228069} = {FF14F3DC-7975-4974-92FF-17755A948928}
		{12D4E7D3-ECA4-44DA-947A-EAC1EAD275C1} = {91041251-4BA2-45E7-B346-182834976E8D}
		{45989F72-A55B-4AC0-83FB-214BD599E261} = {91041251-4BA2-45E7-B346-182834976E8D}
		{A9D07EB2-2C91-4E6A-BB7B-23DBD9526B5C} = {45989F72-A55B-4AC0-83FB-214BD599E261}
		{727DF53C-089F-4422-8189-797934259B02} = {45989F72-A55B-4AC0-83FB-214BD599E261}
		{6F334DF3-1687-49E4-B04E-DF63889E3647} = {45989F72-A55B-4AC0-83FB-214BD599E261}
		{83CCB363-B7C3-439A-A15D-01E15E829C66} = {45989F72-A55B-4AC0-83FB-214BD599E261}
		{F9BB19D5-E6FF-43DE-A636-6947A5D04A81} = {12D4E7D3-ECA4-44DA-947A-EAC1EAD275C1}
		{AFE03FBE-E31D-41B9-BF0E-CCD346DA4719} = {12D4E7D3-ECA4-44DA-947A-EAC1EAD275C1}
		{8A86C9B8-A127-4120-8985-BEF616B8848A} = {12D4E7D3-ECA4-44DA-947A-EAC1EAD275C1}
		{18CECF00-17D6-47AD-9895-7032123180AA} = {12D4E7D3-ECA4-44DA-947A-EAC1EAD275C1}
		{E442A7A7-4128-DF76-3963-82A47950F02B} = {FF14F3DC-7975-4974-92FF-17755A948928}
		{8DC5881C-9C9E-4477-8169-F5CE8139975F} = {FF14F3DC-7975-4974-92FF-17755A948928}
		{203DD822-C3D9-49C7-9DCC-DD339632E2A2} = {91041251-4BA2-45E7-B346-182834976E8D}
		{8E13E00B-E177-4661-A466-BC803FF9C02A} = {91041251-4BA2-45E7-B346-182834976E8D}
		{E2C53625-7F04-4C88-9A22-0FFD3F951529} = {91041251-4BA2-45E7-B346-182834976E8D}
		{519C9413-C857-43F2-A2ED-8DBA9FDD1B1F} = {E2C53625-7F04-4C88-9A22-0FFD3F951529}
		{B18C77BC-F8CF-42D7-B0A3-BF9E8142D361} = {E2C53625-7F04-4C88-9A22-0FFD3F951529}
		{E1E9863D-A5A4-4918-8C0C-F9FC97265B58} = {E2C53625-7F04-4C88-9A22-0FFD3F951529}
		{4D8C00CD-84D2-4F77-A29B-F09CBCFFABA7} = {E2C53625-7F04-4C88-9A22-0FFD3F951529}
		{229C8D5E-7119-4F11-B2B6-E3EDC151997C} = {8E13E00B-E177-4661-A466-BC803FF9C02A}
		{DD9FF3D9-94ED-47BE-9DA8-08F1BEA4690F} = {8E13E00B-E177-4661-A466-BC803FF9C02A}
		{9A73D3D3-F676-4B17-9BCA-FB208957254F} = {8E13E00B-E177-4661-A466-BC803FF9C02A}
		{3D231F42-CAA3-4DBA-AF0A-A1BA46F510B5} = {8E13E00B-E177-4661-A466-BC803FF9C02A}
		{1DBA3506-121A-4D66-ABCF-7B637625124D} = {203DD822-C3D9-49C7-9DCC-DD339632E2A2}
		{20BAE7BF-03A8-4CC7-A449-FE3B45F6011F} = {203DD822-C3D9-49C7-9DCC-DD339632E2A2}
		{D354533D-B717-4C42-BAD9-11B5378E031D} = {203DD822-C3D9-49C7-9DCC-DD339632E2A2}
		{1947E6B1-99B3-4E11-8A53-42EAC464E790} = {203DD822-C3D9-49C7-9DCC-DD339632E2A2}
	EndGlobalSection
	GlobalSection(ExtensibilityGlobals) = postSolution
		SolutionGuid = {3091F045-E693-4F6A-8A08-B91E898D46EA}
	EndGlobalSection
EndGlobal
